
Microsoft Visual Studio Solution File, Format Version 12.00
# Visual Studio Version 17
VisualStudioVersion = 17.14.36705.20
MinimumVisualStudioVersion = 10.0.40219.1
Project("{2150E333-8FDC-42A3-9474-1A3956D46DE8}") = "Task0", "Task0", "{36D591C7-65C7-A0D1-1CBC-10CDE441BDC8}"
EndProject
Project("{FAE04EC0-301F-11D3-BF4B-00C04F79EFBC}") = "Tyuiu.ChuginNM.Sprint6.Task0.V21.Test", "Tyuiu.ChuginNM.Sprint6.Task0.V21.Test\Tyuiu.ChuginNM.Sprint6.Task0.V21.Test.csproj", "{5D0346D3-F338-4863-A61E-9D0229959BCD}"
EndProject
Project("{FAE04EC0-301F-11D3-BF4B-00C04F79EFBC}") = "Tyuiu.ChuginNM.Sprint6.Task0.V21", "Tyuiu.ChuginNM.Sprint6.Task0.V21\Tyuiu.ChuginNM.Sprint6.Task0.V21.csproj", "{C82525AD-704E-439D-83DC-39C0378D9935}"
EndProject
Project("{FAE04EC0-301F-11D3-BF4B-00C04F79EFBC}") = "Tyuiu.ChuginNM.Sprint6.Task0.V21.Lib", "Tyuiu.ChuginNM.Sprint6.Task0.V21.Lib\Tyuiu.ChuginNM.Sprint6.Task0.V21.Lib.csproj", "{ABB1D97F-383A-4EF9-88E8-45135709650F}"
EndProject
Project("{2150E333-8FDC-42A3-9474-1A3956D46DE8}") = "Task1", "Task1", "{189A5703-20E6-48E0-BCCB-6F434ECB94B1}"
EndProject
Project("{2150E333-8FDC-42A3-9474-1A3956D46DE8}") = "Task2", "Task2", "{07013D94-6DA3-4891-BF1D-ACD0D233DE77}"
EndProject
Project("{2150E333-8FDC-42A3-9474-1A3956D46DE8}") = "Task3", "Task3", "{A29326E2-E88E-4C8B-BF84-7B96B8D4DC96}"
EndProject
Project("{FAE04EC0-301F-11D3-BF4B-00C04F79EFBC}") = "Tyuiu.ChuginNM.Sprint6.Task1.V12.Lib", "Tyuiu.ChuginNM.Sprint6.Task1.V12.Lib\Tyuiu.ChuginNM.Sprint6.Task1.V12.Lib.csproj", "{EB60723B-87E6-4964-B3AB-66859F5CBD72}"
EndProject
Project("{FAE04EC0-301F-11D3-BF4B-00C04F79EFBC}") = "Tyuiu.ChuginNM.Sprint6.Task1.V12.Test", "Tyuiu.ChuginNM.Sprint6.Task1.V12.Test\Tyuiu.ChuginNM.Sprint6.Task1.V12.Test.csproj", "{D7C72F01-2E31-406F-94E6-3B48F3D8DFB3}"
EndProject
Project("{FAE04EC0-301F-11D3-BF4B-00C04F79EFBC}") = "Tyuiu.ChuginNM.Sprint6.Task1.V12", "Tyuiu.ChuginNM.Sprint6.Task1.V12\Tyuiu.ChuginNM.Sprint6.Task1.V12.csproj", "{6A1057EE-D976-4250-B2CA-85ACA2C16E54}"
EndProject
Project("{FAE04EC0-301F-11D3-BF4B-00C04F79EFBC}") = "Tyuiu.ChuginNM.Sprint6.Task2.V20.Lib", "Tyuiu.ChuginNM.Sprint6.Task2.V20.Lib\Tyuiu.ChuginNM.Sprint6.Task2.V20.Lib.csproj", "{EADA40B0-5650-47B7-8D3B-169BAA057F08}"
EndProject
Project("{FAE04EC0-301F-11D3-BF4B-00C04F79EFBC}") = "Tyuiu.ChuginNM.Sprint6.Task2.V20.Test", "Tyuiu.ChuginNM.Sprint6.Task2.V20.Test\Tyuiu.ChuginNM.Sprint6.Task2.V20.Test.csproj", "{CD4524DB-7D24-4BA6-9051-0FDB54B926FE}"
EndProject
Project("{FAE04EC0-301F-11D3-BF4B-00C04F79EFBC}") = "Tyuiu.ChuginNM.Sprint6.Task2.V20", "Tyuiu.ChuginNM.Sprint6.Task2.V20\Tyuiu.ChuginNM.Sprint6.Task2.V20.csproj", "{630D4E03-7759-4DE3-B512-B272E31107C1}"
EndProject
Project("{FAE04EC0-301F-11D3-BF4B-00C04F79EFBC}") = "Tyuiu.ChuginNM.Sprint6.Task3.V20.Lib", "Tyuiu.ChuginNM.Sprint6.Task3.V20.Lib\Tyuiu.ChuginNM.Sprint6.Task3.V20.Lib.csproj", "{E22A1313-9C7F-4437-9845-101C98138794}"
EndProject
Project("{FAE04EC0-301F-11D3-BF4B-00C04F79EFBC}") = "Tyuiu.ChuginNM.Sprint6.Task3.V20.Test", "Tyuiu.ChuginNM.Sprint6.Task3.V20.Test\Tyuiu.ChuginNM.Sprint6.Task3.V20.Test.csproj", "{A93E2F3B-E42C-4045-85F3-4595AA9D7695}"
EndProject
Project("{FAE04EC0-301F-11D3-BF4B-00C04F79EFBC}") = "Tyuiu.ChuginNM.Sprint6.Task3.V20", "Tyuiu.ChuginNM.Sprint6.Task3.V20\Tyuiu.ChuginNM.Sprint6.Task3.V20.csproj", "{4A1A1112-4CC6-4FBC-A5BC-1FA0E7E85313}"
EndProject
Project("{2150E333-8FDC-42A3-9474-1A3956D46DE8}") = "Task4", "Task4", "{6A2D50EA-8E17-4467-8A76-B49399D9B34E}"
EndProject
Project("{2150E333-8FDC-42A3-9474-1A3956D46DE8}") = "Task5", "Task5", "{B9622C92-531A-4F8E-8A71-F459DDFDA460}"
EndProject
Project("{2150E333-8FDC-42A3-9474-1A3956D46DE8}") = "Task6", "Task6", "{A579EDF1-8670-4431-909C-57EBEB5B9582}"
EndProject
Project("{2150E333-8FDC-42A3-9474-1A3956D46DE8}") = "Task7", "Task7", "{FE78F48E-C38C-4330-B29D-5AC365994834}"
EndProject
Project("{FAE04EC0-301F-11D3-BF4B-00C04F79EFBC}") = "Tyuiu.ChuginNM.Sprint6.Task4.V1.Lib", "Tyuiu.ChuginNM.Sprint6.Task4.V1.Lib\Tyuiu.ChuginNM.Sprint6.Task4.V1.Lib.csproj", "{7B7ADDDE-1F0D-443E-9D20-DD485157CBE9}"
EndProject
Project("{FAE04EC0-301F-11D3-BF4B-00C04F79EFBC}") = "Tyuiu.ChuginNM.Sprint6.Task4.V1.Test", "Tyuiu.ChuginNM.Sprint6.Task4.V1.Test\Tyuiu.ChuginNM.Sprint6.Task4.V1.Test.csproj", "{CF96CF92-7DD1-452E-B204-09F5034457E2}"
EndProject
Project("{FAE04EC0-301F-11D3-BF4B-00C04F79EFBC}") = "Tyuiu.ChuginNM.Sprint6.Task5.V2.Lib", "Tyuiu.ChuginNM.Sprint6.Task5.V2.Lib\Tyuiu.ChuginNM.Sprint6.Task5.V2.Lib.csproj", "{598590A8-AD59-4281-B03E-1095A6BA32A1}"
EndProject
Project("{FAE04EC0-301F-11D3-BF4B-00C04F79EFBC}") = "Tyuiu.ChuginNM.Sprint6.Task5.V2.Test", "Tyuiu.ChuginNM.Sprint6.Task5.V2.Test\Tyuiu.ChuginNM.Sprint6.Task5.V2.Test.csproj", "{B4DE0CCE-489E-4CF9-A9D7-2568E41FFA71}"
EndProject
Project("{FAE04EC0-301F-11D3-BF4B-00C04F79EFBC}") = "Tyuiu.ChuginNM.Sprint6.Task5.V2", "Tyuiu.ChuginNM.Sprint6.Task5.V2\Tyuiu.ChuginNM.Sprint6.Task5.V2.csproj", "{3C310298-5B5B-4070-926A-B0404308AE17}"
EndProject
Project("{FAE04EC0-301F-11D3-BF4B-00C04F79EFBC}") = "Tyuiu.ChuginNM.Sprint6.Task4.V1", "Tyuiu.ChuginNM.Sprint6.Task4.V1\Tyuiu.ChuginNM.Sprint6.Task4.V1.csproj", "{49786823-0A1A-4E97-AAC1-983E0A3F7EF5}"
EndProject
Project("{FAE04EC0-301F-11D3-BF4B-00C04F79EFBC}") = "Tyuiu.ChuginNM.Sprint6.Task6.V12.Lib", "Tyuiu.ChuginNM.Sprint6.Task6.V12.Lib\Tyuiu.ChuginNM.Sprint6.Task6.V12.Lib.csproj", "{7EE85BE2-E0B4-4ADB-BA7C-2D250EC85B8F}"
EndProject
Project("{FAE04EC0-301F-11D3-BF4B-00C04F79EFBC}") = "Tyuiu.ChuginNM.Sprint6.Task6.V12.Test", "Tyuiu.ChuginNM.Sprint6.Task6.V12.Test\Tyuiu.ChuginNM.Sprint6.Task6.V12.Test.csproj", "{AA24F400-260A-4E9F-839F-171C23DA9A5B}"
EndProject
Project("{FAE04EC0-301F-11D3-BF4B-00C04F79EFBC}") = "Tyuiu.ChuginNM.Sprint6.Task6.V12", "Tyuiu.ChuginNM.Sprint6.Task6.V12\Tyuiu.ChuginNM.Sprint6.Task6.V12.csproj", "{1CD77BFF-03A3-451D-95EC-AEA441774D29}"
EndProject
Project("{2150E333-8FDC-42A3-9474-1A3956D46DE8}") = "imageRes", "imageRes", "{821787BC-092C-4C81-8F9C-5E2BB08EA45D}"
EndProject
Project("{FAE04EC0-301F-11D3-BF4B-00C04F79EFBC}") = "Tyuiu.ChuginNM.Sprint6.Task7.V13", "Tyuiu.ChuginNM.Sprint6.Task7.V13\Tyuiu.ChuginNM.Sprint6.Task7.V13.csproj", "{5770D716-DED0-48F9-B029-0BF0904E8DFC}"
EndProject
Project("{FAE04EC0-301F-11D3-BF4B-00C04F79EFBC}") = "Tyuiu.ChuginNM.Sprint6.Task7.V13.Lib", "Tyuiu.ChuginNM.Sprint6.Task7.V13.Lib\Tyuiu.ChuginNM.Sprint6.Task7.V13.Lib.csproj", "{1149327E-AE1E-4FDB-9F94-7C749742A9B2}"
EndProject
Project("{FAE04EC0-301F-11D3-BF4B-00C04F79EFBC}") = "Tyuiu.ChuginNM.Sprint6.Task7.V13.Test", "Tyuiu.ChuginNM.Sprint6.Task7.V13.Test\Tyuiu.ChuginNM.Sprint6.Task7.V13.Test.csproj", "{F67C01EB-6AA5-476B-A85E-6AD4CC546468}"
EndProject
Global
	GlobalSection(SolutionConfigurationPlatforms) = preSolution
		Debug|Any CPU = Debug|Any CPU
		Release|Any CPU = Release|Any CPU
	EndGlobalSection
	GlobalSection(ProjectConfigurationPlatforms) = postSolution
		{5D0346D3-F338-4863-A61E-9D0229959BCD}.Debug|Any CPU.ActiveCfg = Debug|Any CPU
		{5D0346D3-F338-4863-A61E-9D0229959BCD}.Debug|Any CPU.Build.0 = Debug|Any CPU
		{5D0346D3-F338-4863-A61E-9D0229959BCD}.Release|Any CPU.ActiveCfg = Release|Any CPU
		{5D0346D3-F338-4863-A61E-9D0229959BCD}.Release|Any CPU.Build.0 = Release|Any CPU
		{C82525AD-704E-439D-83DC-39C0378D9935}.Debug|Any CPU.ActiveCfg = Debug|Any CPU
		{C82525AD-704E-439D-83DC-39C0378D9935}.Debug|Any CPU.Build.0 = Debug|Any CPU
		{C82525AD-704E-439D-83DC-39C0378D9935}.Release|Any CPU.ActiveCfg = Release|Any CPU
		{C82525AD-704E-439D-83DC-39C0378D9935}.Release|Any CPU.Build.0 = Release|Any CPU
		{ABB1D97F-383A-4EF9-88E8-45135709650F}.Debug|Any CPU.ActiveCfg = Debug|Any CPU
		{ABB1D97F-383A-4EF9-88E8-45135709650F}.Debug|Any CPU.Build.0 = Debug|Any CPU
		{ABB1D97F-383A-4EF9-88E8-45135709650F}.Release|Any CPU.ActiveCfg = Release|Any CPU
		{ABB1D97F-383A-4EF9-88E8-45135709650F}.Release|Any CPU.Build.0 = Release|Any CPU
		{EB60723B-87E6-4964-B3AB-66859F5CBD72}.Debug|Any CPU.ActiveCfg = Debug|Any CPU
		{EB60723B-87E6-4964-B3AB-66859F5CBD72}.Debug|Any CPU.Build.0 = Debug|Any CPU
		{EB60723B-87E6-4964-B3AB-66859F5CBD72}.Release|Any CPU.ActiveCfg = Release|Any CPU
		{EB60723B-87E6-4964-B3AB-66859F5CBD72}.Release|Any CPU.Build.0 = Release|Any CPU
		{D7C72F01-2E31-406F-94E6-3B48F3D8DFB3}.Debug|Any CPU.ActiveCfg = Debug|Any CPU
		{D7C72F01-2E31-406F-94E6-3B48F3D8DFB3}.Debug|Any CPU.Build.0 = Debug|Any CPU
		{D7C72F01-2E31-406F-94E6-3B48F3D8DFB3}.Release|Any CPU.ActiveCfg = Release|Any CPU
		{D7C72F01-2E31-406F-94E6-3B48F3D8DFB3}.Release|Any CPU.Build.0 = Release|Any CPU
		{6A1057EE-D976-4250-B2CA-85ACA2C16E54}.Debug|Any CPU.ActiveCfg = Debug|Any CPU
		{6A1057EE-D976-4250-B2CA-85ACA2C16E54}.Debug|Any CPU.Build.0 = Debug|Any CPU
		{6A1057EE-D976-4250-B2CA-85ACA2C16E54}.Release|Any CPU.ActiveCfg = Release|Any CPU
		{6A1057EE-D976-4250-B2CA-85ACA2C16E54}.Release|Any CPU.Build.0 = Release|Any CPU
		{EADA40B0-5650-47B7-8D3B-169BAA057F08}.Debug|Any CPU.ActiveCfg = Debug|Any CPU
		{EADA40B0-5650-47B7-8D3B-169BAA057F08}.Debug|Any CPU.Build.0 = Debug|Any CPU
		{EADA40B0-5650-47B7-8D3B-169BAA057F08}.Release|Any CPU.ActiveCfg = Release|Any CPU
		{EADA40B0-5650-47B7-8D3B-169BAA057F08}.Release|Any CPU.Build.0 = Release|Any CPU
		{CD4524DB-7D24-4BA6-9051-0FDB54B926FE}.Debug|Any CPU.ActiveCfg = Debug|Any CPU
		{CD4524DB-7D24-4BA6-9051-0FDB54B926FE}.Debug|Any CPU.Build.0 = Debug|Any CPU
		{CD4524DB-7D24-4BA6-9051-0FDB54B926FE}.Release|Any CPU.ActiveCfg = Release|Any CPU
		{CD4524DB-7D24-4BA6-9051-0FDB54B926FE}.Release|Any CPU.Build.0 = Release|Any CPU
		{630D4E03-7759-4DE3-B512-B272E31107C1}.Debug|Any CPU.ActiveCfg = Debug|Any CPU
		{630D4E03-7759-4DE3-B512-B272E31107C1}.Debug|Any CPU.Build.0 = Debug|Any CPU
		{630D4E03-7759-4DE3-B512-B272E31107C1}.Release|Any CPU.ActiveCfg = Release|Any CPU
		{630D4E03-7759-4DE3-B512-B272E31107C1}.Release|Any CPU.Build.0 = Release|Any CPU
		{E22A1313-9C7F-4437-9845-101C98138794}.Debug|Any CPU.ActiveCfg = Debug|Any CPU
		{E22A1313-9C7F-4437-9845-101C98138794}.Debug|Any CPU.Build.0 = Debug|Any CPU
		{E22A1313-9C7F-4437-9845-101C98138794}.Release|Any CPU.ActiveCfg = Release|Any CPU
		{E22A1313-9C7F-4437-9845-101C98138794}.Release|Any CPU.Build.0 = Release|Any CPU
		{A93E2F3B-E42C-4045-85F3-4595AA9D7695}.Debug|Any CPU.ActiveCfg = Debug|Any CPU
		{A93E2F3B-E42C-4045-85F3-4595AA9D7695}.Debug|Any CPU.Build.0 = Debug|Any CPU
		{A93E2F3B-E42C-4045-85F3-4595AA9D7695}.Release|Any CPU.ActiveCfg = Release|Any CPU
		{A93E2F3B-E42C-4045-85F3-4595AA9D7695}.Release|Any CPU.Build.0 = Release|Any CPU
		{4A1A1112-4CC6-4FBC-A5BC-1FA0E7E85313}.Debug|Any CPU.ActiveCfg = Debug|Any CPU
		{4A1A1112-4CC6-4FBC-A5BC-1FA0E7E85313}.Debug|Any CPU.Build.0 = Debug|Any CPU
		{4A1A1112-4CC6-4FBC-A5BC-1FA0E7E85313}.Release|Any CPU.ActiveCfg = Release|Any CPU
		{4A1A1112-4CC6-4FBC-A5BC-1FA0E7E85313}.Release|Any CPU.Build.0 = Release|Any CPU
		{7B7ADDDE-1F0D-443E-9D20-DD485157CBE9}.Debug|Any CPU.ActiveCfg = Debug|Any CPU
		{7B7ADDDE-1F0D-443E-9D20-DD485157CBE9}.Debug|Any CPU.Build.0 = Debug|Any CPU
		{7B7ADDDE-1F0D-443E-9D20-DD485157CBE9}.Release|Any CPU.ActiveCfg = Release|Any CPU
		{7B7ADDDE-1F0D-443E-9D20-DD485157CBE9}.Release|Any CPU.Build.0 = Release|Any CPU
		{CF96CF92-7DD1-452E-B204-09F5034457E2}.Debug|Any CPU.ActiveCfg = Debug|Any CPU
		{CF96CF92-7DD1-452E-B204-09F5034457E2}.Debug|Any CPU.Build.0 = Debug|Any CPU
		{CF96CF92-7DD1-452E-B204-09F5034457E2}.Release|Any CPU.ActiveCfg = Release|Any CPU
		{CF96CF92-7DD1-452E-B204-09F5034457E2}.Release|Any CPU.Build.0 = Release|Any CPU
		{598590A8-AD59-4281-B03E-1095A6BA32A1}.Debug|Any CPU.ActiveCfg = Debug|Any CPU
		{598590A8-AD59-4281-B03E-1095A6BA32A1}.Debug|Any CPU.Build.0 = Debug|Any CPU
		{598590A8-AD59-4281-B03E-1095A6BA32A1}.Release|Any CPU.ActiveCfg = Release|Any CPU
		{598590A8-AD59-4281-B03E-1095A6BA32A1}.Release|Any CPU.Build.0 = Release|Any CPU
		{B4DE0CCE-489E-4CF9-A9D7-2568E41FFA71}.Debug|Any CPU.ActiveCfg = Debug|Any CPU
		{B4DE0CCE-489E-4CF9-A9D7-2568E41FFA71}.Debug|Any CPU.Build.0 = Debug|Any CPU
		{B4DE0CCE-489E-4CF9-A9D7-2568E41FFA71}.Release|Any CPU.ActiveCfg = Release|Any CPU
		{B4DE0CCE-489E-4CF9-A9D7-2568E41FFA71}.Release|Any CPU.Build.0 = Release|Any CPU
		{3C310298-5B5B-4070-926A-B0404308AE17}.Debug|Any CPU.ActiveCfg = Debug|Any CPU
		{3C310298-5B5B-4070-926A-B0404308AE17}.Debug|Any CPU.Build.0 = Debug|Any CPU
		{3C310298-5B5B-4070-926A-B0404308AE17}.Release|Any CPU.ActiveCfg = Release|Any CPU
		{3C310298-5B5B-4070-926A-B0404308AE17}.Release|Any CPU.Build.0 = Release|Any CPU
		{49786823-0A1A-4E97-AAC1-983E0A3F7EF5}.Debug|Any CPU.ActiveCfg = Debug|Any CPU
		{49786823-0A1A-4E97-AAC1-983E0A3F7EF5}.Debug|Any CPU.Build.0 = Debug|Any CPU
		{49786823-0A1A-4E97-AAC1-983E0A3F7EF5}.Release|Any CPU.ActiveCfg = Release|Any CPU
		{49786823-0A1A-4E97-AAC1-983E0A3F7EF5}.Release|Any CPU.Build.0 = Release|Any CPU
		{7EE85BE2-E0B4-4ADB-BA7C-2D250EC85B8F}.Debug|Any CPU.ActiveCfg = Debug|Any CPU
		{7EE85BE2-E0B4-4ADB-BA7C-2D250EC85B8F}.Debug|Any CPU.Build.0 = Debug|Any CPU
		{7EE85BE2-E0B4-4ADB-BA7C-2D250EC85B8F}.Release|Any CPU.ActiveCfg = Release|Any CPU
		{7EE85BE2-E0B4-4ADB-BA7C-2D250EC85B8F}.Release|Any CPU.Build.0 = Release|Any CPU
		{AA24F400-260A-4E9F-839F-171C23DA9A5B}.Debug|Any CPU.ActiveCfg = Debug|Any CPU
		{AA24F400-260A-4E9F-839F-171C23DA9A5B}.Debug|Any CPU.Build.0 = Debug|Any CPU
		{AA24F400-260A-4E9F-839F-171C23DA9A5B}.Release|Any CPU.ActiveCfg = Release|Any CPU
		{AA24F400-260A-4E9F-839F-171C23DA9A5B}.Release|Any CPU.Build.0 = Release|Any CPU
		{1CD77BFF-03A3-451D-95EC-AEA441774D29}.Debug|Any CPU.ActiveCfg = Debug|Any CPU
		{1CD77BFF-03A3-451D-95EC-AEA441774D29}.Debug|Any CPU.Build.0 = Debug|Any CPU
		{1CD77BFF-03A3-451D-95EC-AEA441774D29}.Release|Any CPU.ActiveCfg = Release|Any CPU
		{1CD77BFF-03A3-451D-95EC-AEA441774D29}.Release|Any CPU.Build.0 = Release|Any CPU
		{5770D716-DED0-48F9-B029-0BF0904E8DFC}.Debug|Any CPU.ActiveCfg = Debug|Any CPU
		{5770D716-DED0-48F9-B029-0BF0904E8DFC}.Debug|Any CPU.Build.0 = Debug|Any CPU
		{5770D716-DED0-48F9-B029-0BF0904E8DFC}.Release|Any CPU.ActiveCfg = Release|Any CPU
		{5770D716-DED0-48F9-B029-0BF0904E8DFC}.Release|Any CPU.Build.0 = Release|Any CPU
		{1149327E-AE1E-4FDB-9F94-7C749742A9B2}.Debug|Any CPU.ActiveCfg = Debug|Any CPU
		{1149327E-AE1E-4FDB-9F94-7C749742A9B2}.Debug|Any CPU.Build.0 = Debug|Any CPU
		{1149327E-AE1E-4FDB-9F94-7C749742A9B2}.Release|Any CPU.ActiveCfg = Release|Any CPU
		{1149327E-AE1E-4FDB-9F94-7C749742A9B2}.Release|Any CPU.Build.0 = Release|Any CPU
		{F67C01EB-6AA5-476B-A85E-6AD4CC546468}.Debug|Any CPU.ActiveCfg = Debug|Any CPU
		{F67C01EB-6AA5-476B-A85E-6AD4CC546468}.Debug|Any CPU.Build.0 = Debug|Any CPU
		{F67C01EB-6AA5-476B-A85E-6AD4CC546468}.Release|Any CPU.ActiveCfg = Release|Any CPU
		{F67C01EB-6AA5-476B-A85E-6AD4CC546468}.Release|Any CPU.Build.0 = Release|Any CPU
	EndGlobalSection
	GlobalSection(SolutionProperties) = preSolution
		HideSolutionNode = FALSE
	EndGlobalSection
	GlobalSection(NestedProjects) = preSolution
		{5D0346D3-F338-4863-A61E-9D0229959BCD} = {36D591C7-65C7-A0D1-1CBC-10CDE441BDC8}
		{C82525AD-704E-439D-83DC-39C0378D9935} = {36D591C7-65C7-A0D1-1CBC-10CDE441BDC8}
		{ABB1D97F-383A-4EF9-88E8-45135709650F} = {36D591C7-65C7-A0D1-1CBC-10CDE441BDC8}
		{EB60723B-87E6-4964-B3AB-66859F5CBD72} = {189A5703-20E6-48E0-BCCB-6F434ECB94B1}
		{D7C72F01-2E31-406F-94E6-3B48F3D8DFB3} = {189A5703-20E6-48E0-BCCB-6F434ECB94B1}
		{6A1057EE-D976-4250-B2CA-85ACA2C16E54} = {189A5703-20E6-48E0-BCCB-6F434ECB94B1}
		{EADA40B0-5650-47B7-8D3B-169BAA057F08} = {07013D94-6DA3-4891-BF1D-ACD0D233DE77}
		{CD4524DB-7D24-4BA6-9051-0FDB54B926FE} = {07013D94-6DA3-4891-BF1D-ACD0D233DE77}
		{630D4E03-7759-4DE3-B512-B272E31107C1} = {07013D94-6DA3-4891-BF1D-ACD0D233DE77}
		{E22A1313-9C7F-4437-9845-101C98138794} = {A29326E2-E88E-4C8B-BF84-7B96B8D4DC96}
		{A93E2F3B-E42C-4045-85F3-4595AA9D7695} = {A29326E2-E88E-4C8B-BF84-7B96B8D4DC96}
		{4A1A1112-4CC6-4FBC-A5BC-1FA0E7E85313} = {A29326E2-E88E-4C8B-BF84-7B96B8D4DC96}
		{7B7ADDDE-1F0D-443E-9D20-DD485157CBE9} = {6A2D50EA-8E17-4467-8A76-B49399D9B34E}
		{CF96CF92-7DD1-452E-B204-09F5034457E2} = {6A2D50EA-8E17-4467-8A76-B49399D9B34E}
		{598590A8-AD59-4281-B03E-1095A6BA32A1} = {B9622C92-531A-4F8E-8A71-F459DDFDA460}
		{B4DE0CCE-489E-4CF9-A9D7-2568E41FFA71} = {B9622C92-531A-4F8E-8A71-F459DDFDA460}
		{3C310298-5B5B-4070-926A-B0404308AE17} = {B9622C92-531A-4F8E-8A71-F459DDFDA460}
		{49786823-0A1A-4E97-AAC1-983E0A3F7EF5} = {6A2D50EA-8E17-4467-8A76-B49399D9B34E}
		{7EE85BE2-E0B4-4ADB-BA7C-2D250EC85B8F} = {A579EDF1-8670-4431-909C-57EBEB5B9582}
		{AA24F400-260A-4E9F-839F-171C23DA9A5B} = {A579EDF1-8670-4431-909C-57EBEB5B9582}
		{1CD77BFF-03A3-451D-95EC-AEA441774D29} = {A579EDF1-8670-4431-909C-57EBEB5B9582}
		{5770D716-DED0-48F9-B029-0BF0904E8DFC} = {FE78F48E-C38C-4330-B29D-5AC365994834}
		{1149327E-AE1E-4FDB-9F94-7C749742A9B2} = {FE78F48E-C38C-4330-B29D-5AC365994834}
		{F67C01EB-6AA5-476B-A85E-6AD4CC546468} = {FE78F48E-C38C-4330-B29D-5AC365994834}
	EndGlobalSection
	GlobalSection(ExtensibilityGlobals) = postSolution
		SolutionGuid = {57658C7E-9F8D-4AF1-AAA3-84C8AC1C05FC}
	EndGlobalSection
EndGlobal
